PODS:
  - AppCenter (1.7.1):
    - AppCenter/Analytics (= 1.7.1)
    - AppCenter/Crashes (= 1.7.1)
  - AppCenter/Analytics (1.7.1):
    - AppCenter/Core
  - AppCenter/Core (1.7.1)
  - AppCenter/Crashes (1.7.1):
    - AppCenter/Core
  - AppCenter/Push (1.7.1):
    - AppCenter/Core

DEPENDENCIES:
  - AppCenter
  - AppCenter/Push

SPEC CHECKSUMS:
  AppCenter: 53349f138e596f2514f7559bb50a7e6e55219f17

PODFILE CHECKSUM: f3d065d79a65d33603730d6c2376358b2b43bcf3

COCOAPODS: 1.4.0
