PODS:
  - AppCenter (1.12.0):
    - AppCenter/Analytics (= 1.12.0)
    - AppCenter/Crashes (= 1.12.0)
  - AppCenter/Analytics (1.12.0):
    - AppCenter/Core
  - AppCenter/Core (1.12.0)
  - AppCenter/Crashes (1.12.0):
    - AppCenter/Core
  - AppCenter/Push (1.12.0):
    - AppCenter/Core

DEPENDENCIES:
  - AppCenter
  - AppCenter/Push

SPEC REPOS:
  https://github.com/cocoapods/specs.git:
    - AppCenter

SPEC CHECKSUMS:
  AppCenter: 4d27bdafd74b1b3e90946b9989fd6011a7e39c5e

PODFILE CHECKSUM: f3d065d79a65d33603730d6c2376358b2b43bcf3

COCOAPODS: 1.5.3
